// !$*UTF8*$!
{
	archiveVersion = 1;
	classes = {
	};
	objectVersion = 46;
	objects = {

/* Begin PBXBuildFile section */
		717F5FC41F570F3600985EBC /* main.m in Sources */ = {isa = PBXBuildFile; fileRef = 717F5FC31F570F3600985EBC /* main.m */; };
		717F5FC71F570F3600985EBC /* AppDelegate.m in Sources */ = {isa = PBXBuildFile; fileRef = 717F5FC61F570F3600985EBC /* AppDelegate.m */; };
		717F5FCA1F570F3600985EBC /* ViewController.m in Sources */ = {isa = PBXBuildFile; fileRef = 717F5FC91F570F3600985EBC /* ViewController.m */; };
		717F5FCD1F570F3700985EBC /* Main.storyboard in Resources */ = {isa = PBXBuildFile; fileRef = 717F5FCB1F570F3700985EBC /* Main.storyboard */; };
		717F5FCF1F570F3700985EBC /* Assets.xcassets in Resources */ = {isa = PBXBuildFile; fileRef = 717F5FCE1F570F3700985EBC /* Assets.xcassets */; };
		717F5FD21F570F3700985EBC /* LaunchScreen.storyboard in Resources */ = {isa = PBXBuildFile; fileRef = 717F5FD01F570F3700985EBC /* LaunchScreen.storyboard */; };
		717F5FDB1F570F8A00985EBC /* ZYTableView.m in Sources */ = {isa = PBXBuildFile; fileRef = 717F5FDA1F570F8A00985EBC /* ZYTableView.m */; };
		717F5FDE1F57104200985EBC /* ZYTableViewCell.m in Sources */ = {isa = PBXBuildFile; fileRef = 717F5FDD1F57104200985EBC /* ZYTableViewCell.m */; };
		717F5FE11F57128E00985EBC /* ZYTool.m in Sources */ = {isa = PBXBuildFile; fileRef = 717F5FE01F57128E00985EBC /* ZYTool.m */; };
		717F5FE41F5717F300985EBC /* imagee.png in Resources */ = {isa = PBXBuildFile; fileRef = 717F5FE21F5717F300985EBC /* imagee.png */; };
		717F5FE51F5717F300985EBC /* imagee@3x.png in Resources */ = {isa = PBXBuildFile; fileRef = 717F5FE31F5717F300985EBC /* imagee@3x.png */; };
		717F5FE81F57209200985EBC /* ZYViewController.m in Sources */ = {isa = PBXBuildFile; fileRef = 717F5FE71F57209200985EBC /* ZYViewController.m */; };
		717F60151F5725BE00985EBC /* YYCache.m in Sources */ = {isa = PBXBuildFile; fileRef = 717F5FEC1F5725BE00985EBC /* YYCache.m */; };
		717F60161F5725BE00985EBC /* YYDiskCache.m in Sources */ = {isa = PBXBuildFile; fileRef = 717F5FEE1F5725BE00985EBC /* YYDiskCache.m */; };
		717F60171F5725BE00985EBC /* YYKVStorage.m in Sources */ = {isa = PBXBuildFile; fileRef = 717F5FF01F5725BE00985EBC /* YYKVStorage.m */; };
		717F60181F5725BE00985EBC /* YYMemoryCache.m in Sources */ = {isa = PBXBuildFile; fileRef = 717F5FF21F5725BE00985EBC /* YYMemoryCache.m */; };
		717F60191F5725BE00985EBC /* _YYWebImageSetter.m in Sources */ = {isa = PBXBuildFile; fileRef = 717F5FF51F5725BE00985EBC /* _YYWebImageSetter.m */; };
		717F601A1F5725BE00985EBC /* CALayer+YYWebImage.m in Sources */ = {isa = PBXBuildFile; fileRef = 717F5FF71F5725BE00985EBC /* CALayer+YYWebImage.m */; };
		717F601B1F5725BE00985EBC /* MKAnnotationView+YYWebImage.m in Sources */ = {isa = PBXBuildFile; fileRef = 717F5FF91F5725BE00985EBC /* MKAnnotationView+YYWebImage.m */; };
		717F601C1F5725BE00985EBC /* UIButton+YYWebImage.m in Sources */ = {isa = PBXBuildFile; fileRef = 717F5FFB1F5725BE00985EBC /* UIButton+YYWebImage.m */; };
		717F601D1F5725BE00985EBC /* UIImage+YYWebImage.m in Sources */ = {isa = PBXBuildFile; fileRef = 717F5FFD1F5725BE00985EBC /* UIImage+YYWebImage.m */; };
		717F601E1F5725BE00985EBC /* UIImageView+YYWebImage.m in Sources */ = {isa = PBXBuildFile; fileRef = 717F5FFF1F5725BE00985EBC /* UIImageView+YYWebImage.m */; };
		717F601F1F5725BE00985EBC /* YYAnimatedImageView.m in Sources */ = {isa = PBXBuildFile; fileRef = 717F60021F5725BE00985EBC /* YYAnimatedImageView.m */; };
		717F60201F5725BE00985EBC /* YYFrameImage.m in Sources */ = {isa = PBXBuildFile; fileRef = 717F60041F5725BE00985EBC /* YYFrameImage.m */; };
		717F60211F5725BE00985EBC /* YYImage.m in Sources */ = {isa = PBXBuildFile; fileRef = 717F60061F5725BE00985EBC /* YYImage.m */; };
		717F60221F5725BE00985EBC /* YYImageCoder.m in Sources */ = {isa = PBXBuildFile; fileRef = 717F60081F5725BE00985EBC /* YYImageCoder.m */; };
		717F60231F5725BE00985EBC /* YYSpriteSheetImage.m in Sources */ = {isa = PBXBuildFile; fileRef = 717F600A1F5725BE00985EBC /* YYSpriteSheetImage.m */; };
		717F60241F5725BE00985EBC /* WebP.framework in Frameworks */ = {isa = PBXBuildFile; fileRef = 717F600C1F5725BE00985EBC /* WebP.framework */; };
		717F60251F5725BE00985EBC /* WebP.sh in Resources */ = {isa = PBXBuildFile; fileRef = 717F600D1F5725BE00985EBC /* WebP.sh */; };
		717F60261F5725BE00985EBC /* YYImageCache.m in Sources */ = {isa = PBXBuildFile; fileRef = 717F600F1F5725BE00985EBC /* YYImageCache.m */; };
		717F60271F5725BE00985EBC /* YYWebImageManager.m in Sources */ = {isa = PBXBuildFile; fileRef = 717F60121F5725BE00985EBC /* YYWebImageManager.m */; };
		717F60281F5725BE00985EBC /* YYWebImageOperation.m in Sources */ = {isa = PBXBuildFile; fileRef = 717F60141F5725BE00985EBC /* YYWebImageOperation.m */; };
		717F602B1F578EAF00985EBC /* libsqlite3.tbd in Frameworks */ = {isa = PBXBuildFile; fileRef = 717F602A1F578EAF00985EBC /* libsqlite3.tbd */; };
		717F602D1F578F3D00985EBC /* libz.tbd in Frameworks */ = {isa = PBXBuildFile; fileRef = 717F602C1F578F3D00985EBC /* libz.tbd */; };
/* End PBXBuildFile section */

/* Begin PBXFileReference section */
		717F5FBF1F570F3600985EBC /* TableView_Optimize.app */ = {isa = PBXFileReference; explicitFileType = wrapper.application; includeInIndex = 0; path = TableView_Optimize.app; sourceTree = BUILT_PRODUCTS_DIR; };
		717F5FC31F570F3600985EBC /* main.m */ = {isa = PBXFileReference; lastKnownFileType = sourcecode.c.objc; path = main.m; sourceTree = "<group>"; };
		717F5FC51F570F3600985EBC /* AppDelegate.h */ = {isa = PBXFileReference; lastKnownFileType = sourcecode.c.h; path = AppDelegate.h; sourceTree = "<group>"; };
		717F5FC61F570F3600985EBC /* AppDelegate.m */ = {isa = PBXFileReference; lastKnownFileType = sourcecode.c.objc; path = AppDelegate.m; sourceTree = "<group>"; };
		717F5FC81F570F3600985EBC /* ViewController.h */ = {isa = PBXFileReference; lastKnownFileType = sourcecode.c.h; path = ViewController.h; sourceTree = "<group>"; };
		717F5FC91F570F3600985EBC /* ViewController.m */ = {isa = PBXFileReference; lastKnownFileType = sourcecode.c.objc; path = ViewController.m; sourceTree = "<group>"; };
		717F5FCC1F570F3700985EBC /* Base */ = {isa = PBXFileReference; lastKnownFileType = file.storyboard; name = Base; path = Base.lproj/Main.storyboard; sourceTree = "<group>"; };
		717F5FCE1F570F3700985EBC /* Assets.xcassets */ = {isa = PBXFileReference; lastKnownFileType = folder.assetcatalog; path = Assets.xcassets; sourceTree = "<group>"; };
		717F5FD11F570F3700985EBC /* Base */ = {isa = PBXFileReference; lastKnownFileType = file.storyboard; name = Base; path = Base.lproj/LaunchScreen.storyboard; sourceTree = "<group>"; };
		717F5FD31F570F3700985EBC /* Info.plist */ = {isa = PBXFileReference; lastKnownFileType = text.plist.xml; path = Info.plist; sourceTree = "<group>"; };
		717F5FD91F570F8900985EBC /* ZYTableView.h */ = {isa = PBXFileReference; fileEncoding = 4; lastKnownFileType = sourcecode.c.h; path = ZYTableView.h; sourceTree = "<group>"; };
		717F5FDA1F570F8A00985EBC /* ZYTableView.m */ = {isa = PBXFileReference; fileEncoding = 4; lastKnownFileType = sourcecode.c.objc; path = ZYTableView.m; sourceTree = "<group>"; };
		717F5FDC1F57104200985EBC /* ZYTableViewCell.h */ = {isa = PBXFileReference; fileEncoding = 4; lastKnownFileType = sourcecode.c.h; path = ZYTableViewCell.h; sourceTree = "<group>"; };
		717F5FDD1F57104200985EBC /* ZYTableViewCell.m */ = {isa = PBXFileReference; fileEncoding = 4; lastKnownFileType = sourcecode.c.objc; path = ZYTableViewCell.m; sourceTree = "<group>"; };
		717F5FDF1F57128E00985EBC /* ZYTool.h */ = {isa = PBXFileReference; fileEncoding = 4; lastKnownFileType = sourcecode.c.h; path = ZYTool.h; sourceTree = "<group>"; };
		717F5FE01F57128E00985EBC /* ZYTool.m */ = {isa = PBXFileReference; fileEncoding = 4; lastKnownFileType = sourcecode.c.objc; path = ZYTool.m; sourceTree = "<group>"; };
		717F5FE21F5717F300985EBC /* imagee.png */ = {isa = PBXFileReference; lastKnownFileType = image.png; path = imagee.png; sourceTree = "<group>"; };
		717F5FE31F5717F300985EBC /* imagee@3x.png */ = {isa = PBXFileReference; lastKnownFileType = image.png; path = "imagee@3x.png"; sourceTree = "<group>"; };
		717F5FE61F57209200985EBC /* ZYViewController.h */ = {isa = PBXFileReference; fileEncoding = 4; lastKnownFileType = sourcecode.c.h; path = ZYViewController.h; sourceTree = "<group>"; };
		717F5FE71F57209200985EBC /* ZYViewController.m */ = {isa = PBXFileReference; fileEncoding = 4; lastKnownFileType = sourcecode.c.objc; path = ZYViewController.m; sourceTree = "<group>"; };
		717F5FEB1F5725BE00985EBC /* YYCache.h */ = {isa = PBXFileReference; fileEncoding = 4; lastKnownFileType = sourcecode.c.h; path = YYCache.h; sourceTree = "<group>"; };
		717F5FEC1F5725BE00985EBC /* YYCache.m */ = {isa = PBXFileReference; fileEncoding = 4; lastKnownFileType = sourcecode.c.objc; path = YYCache.m; sourceTree = "<group>"; };
		717F5FED1F5725BE00985EBC /* YYDiskCache.h */ = {isa = PBXFileReference; fileEncoding = 4; lastKnownFileType = sourcecode.c.h; path = YYDiskCache.h; sourceTree = "<group>"; };
		717F5FEE1F5725BE00985EBC /* YYDiskCache.m */ = {isa = PBXFileReference; fileEncoding = 4; lastKnownFileType = sourcecode.c.objc; path = YYDiskCache.m; sourceTree = "<group>"; };
		717F5FEF1F5725BE00985EBC /* YYKVStorage.h */ = {isa = PBXFileReference; fileEncoding = 4; lastKnownFileType = sourcecode.c.h; path = YYKVStorage.h; sourceTree = "<group>"; };
		717F5FF01F5725BE00985EBC /* YYKVStorage.m */ = {isa = PBXFileReference; fileEncoding = 4; lastKnownFileType = sourcecode.c.objc; path = YYKVStorage.m; sourceTree = "<group>"; };
		717F5FF11F5725BE00985EBC /* YYMemoryCache.h */ = {isa = PBXFileReference; fileEncoding = 4; lastKnownFileType = sourcecode.c.h; path = YYMemoryCache.h; sourceTree = "<group>"; };
		717F5FF21F5725BE00985EBC /* YYMemoryCache.m */ = {isa = PBXFileReference; fileEncoding = 4; lastKnownFileType = sourcecode.c.objc; path = YYMemoryCache.m; sourceTree = "<group>"; };
		717F5FF41F5725BE00985EBC /* _YYWebImageSetter.h */ = {isa = PBXFileReference; fileEncoding = 4; lastKnownFileType = sourcecode.c.h; path = _YYWebImageSetter.h; sourceTree = "<group>"; };
		717F5FF51F5725BE00985EBC /* _YYWebImageSetter.m */ = {isa = PBXFileReference; fileEncoding = 4; lastKnownFileType = sourcecode.c.objc; path = _YYWebImageSetter.m; sourceTree = "<group>"; };
		717F5FF61F5725BE00985EBC /* CALayer+YYWebImage.h */ = {isa = PBXFileReference; fileEncoding = 4; lastKnownFileType = sourcecode.c.h; path = "CALayer+YYWebImage.h"; sourceTree = "<group>"; };
		717F5FF71F5725BE00985EBC /* CALayer+YYWebImage.m */ = {isa = PBXFileReference; fileEncoding = 4; lastKnownFileType = sourcecode.c.objc; path = "CALayer+YYWebImage.m"; sourceTree = "<group>"; };
		717F5FF81F5725BE00985EBC /* MKAnnotationView+YYWebImage.h */ = {isa = PBXFileReference; fileEncoding = 4; lastKnownFileType = sourcecode.c.h; path = "MKAnnotationView+YYWebImage.h"; sourceTree = "<group>"; };
		717F5FF91F5725BE00985EBC /* MKAnnotationView+YYWebImage.m */ = {isa = PBXFileReference; fileEncoding = 4; lastKnownFileType = sourcecode.c.objc; path = "MKAnnotationView+YYWebImage.m"; sourceTree = "<group>"; };
		717F5FFA1F5725BE00985EBC /* UIButton+YYWebImage.h */ = {isa = PBXFileReference; fileEncoding = 4; lastKnownFileType = sourcecode.c.h; path = "UIButton+YYWebImage.h"; sourceTree = "<group>"; };
		717F5FFB1F5725BE00985EBC /* UIButton+YYWebImage.m */ = {isa = PBXFileReference; fileEncoding = 4; lastKnownFileType = sourcecode.c.objc; path = "UIButton+YYWebImage.m"; sourceTree = "<group>"; };
		717F5FFC1F5725BE00985EBC /* UIImage+YYWebImage.h */ = {isa = PBXFileReference; fileEncoding = 4; lastKnownFileType = sourcecode.c.h; path = "UIImage+YYWebImage.h"; sourceTree = "<group>"; };
		717F5FFD1F5725BE00985EBC /* UIImage+YYWebImage.m */ = {isa = PBXFileReference; fileEncoding = 4; lastKnownFileType = sourcecode.c.objc; path = "UIImage+YYWebImage.m"; sourceTree = "<group>"; };
		717F5FFE1F5725BE00985EBC /* UIImageView+YYWebImage.h */ = {isa = PBXFileReference; fileEncoding = 4; lastKnownFileType = sourcecode.c.h; path = "UIImageView+YYWebImage.h"; sourceTree = "<group>"; };
		717F5FFF1F5725BE00985EBC /* UIImageView+YYWebImage.m */ = {isa = PBXFileReference; fileEncoding = 4; lastKnownFileType = sourcecode.c.objc; path = "UIImageView+YYWebImage.m"; sourceTree = "<group>"; };
		717F60011F5725BE00985EBC /* YYAnimatedImageView.h */ = {isa = PBXFileReference; fileEncoding = 4; lastKnownFileType = sourcecode.c.h; path = YYAnimatedImageView.h; sourceTree = "<group>"; };
		717F60021F5725BE00985EBC /* YYAnimatedImageView.m */ = {isa = PBXFileReference; fileEncoding = 4; lastKnownFileType = sourcecode.c.objc; path = YYAnimatedImageView.m; sourceTree = "<group>"; };
		717F60031F5725BE00985EBC /* YYFrameImage.h */ = {isa = PBXFileReference; fileEncoding = 4; lastKnownFileType = sourcecode.c.h; path = YYFrameImage.h; sourceTree = "<group>"; };
		717F60041F5725BE00985EBC /* YYFrameImage.m */ = {isa = PBXFileReference; fileEncoding = 4; lastKnownFileType = sourcecode.c.objc; path = YYFrameImage.m; sourceTree = "<group>"; };
		717F60051F5725BE00985EBC /* YYImage.h */ = {isa = PBXFileReference; fileEncoding = 4; lastKnownFileType = sourcecode.c.h; path = YYImage.h; sourceTree = "<group>"; };
		717F60061F5725BE00985EBC /* YYImage.m */ = {isa = PBXFileReference; fileEncoding = 4; lastKnownFileType = sourcecode.c.objc; path = YYImage.m; sourceTree = "<group>"; };
		717F60071F5725BE00985EBC /* YYImageCoder.h */ = {isa = PBXFileReference; fileEncoding = 4; lastKnownFileType = sourcecode.c.h; path = YYImageCoder.h; sourceTree = "<group>"; };
		717F60081F5725BE00985EBC /* YYImageCoder.m */ = {isa = PBXFileReference; fileEncoding = 4; lastKnownFileType = sourcecode.c.objc; path = YYImageCoder.m; sourceTree = "<group>"; };
		717F60091F5725BE00985EBC /* YYSpriteSheetImage.h */ = {isa = PBXFileReference; fileEncoding = 4; lastKnownFileType = sourcecode.c.h; path = YYSpriteSheetImage.h; sourceTree = "<group>"; };
		717F600A1F5725BE00985EBC /* YYSpriteSheetImage.m */ = {isa = PBXFileReference; fileEncoding = 4; lastKnownFileType = sourcecode.c.objc; path = YYSpriteSheetImage.m; sourceTree = "<group>"; };
		717F600C1F5725BE00985EBC /* WebP.framework */ = {isa = PBXFileReference; lastKnownFileType = wrapper.framework; path = WebP.framework; sourceTree = "<group>"; };
		717F600D1F5725BE00985EBC /* WebP.sh */ = {isa = PBXFileReference; fileEncoding = 4; lastKnownFileType = text.script.sh; path = WebP.sh; sourceTree = "<group>"; };
		717F600E1F5725BE00985EBC /* YYImageCache.h */ = {isa = PBXFileReference; fileEncoding = 4; lastKnownFileType = sourcecode.c.h; path = YYImageCache.h; sourceTree = "<group>"; };
		717F600F1F5725BE00985EBC /* YYImageCache.m */ = {isa = PBXFileReference; fileEncoding = 4; lastKnownFileType = sourcecode.c.objc; path = YYImageCache.m; sourceTree = "<group>"; };
		717F60101F5725BE00985EBC /* YYWebImage.h */ = {isa = PBXFileReference; fileEncoding = 4; lastKnownFileType = sourcecode.c.h; path = YYWebImage.h; sourceTree = "<group>"; };
		717F60111F5725BE00985EBC /* YYWebImageManager.h */ = {isa = PBXFileReference; fileEncoding = 4; lastKnownFileType = sourcecode.c.h; path = YYWebImageManager.h; sourceTree = "<group>"; };
		717F60121F5725BE00985EBC /* YYWebImageManager.m */ = {isa = PBXFileReference; fileEncoding = 4; lastKnownFileType = sourcecode.c.objc; path = YYWebImageManager.m; sourceTree = "<group>"; };
		717F60131F5725BE00985EBC /* YYWebImageOperation.h */ = {isa = PBXFileReference; fileEncoding = 4; lastKnownFileType = sourcecode.c.h; path = YYWebImageOperation.h; sourceTree = "<group>"; };
		717F60141F5725BE00985EBC /* YYWebImageOperation.m */ = {isa = PBXFileReference; fileEncoding = 4; lastKnownFileType = sourcecode.c.objc; path = YYWebImageOperation.m; sourceTree = "<group>"; };
		717F602A1F578EAF00985EBC /* libsqlite3.tbd */ = {isa = PBXFileReference; lastKnownFileType = "sourcecode.text-based-dylib-definition"; name = libsqlite3.tbd; path = usr/lib/libsqlite3.tbd; sourceTree = SDKROOT; };
		717F602C1F578F3D00985EBC /* libz.tbd */ = {isa = PBXFileReference; lastKnownFileType = "sourcecode.text-based-dylib-definition"; name = libz.tbd; path = usr/lib/libz.tbd; sourceTree = SDKROOT; };
/* End PBXFileReference section */

/* Begin PBXFrameworksBuildPhase section */
		717F5FBC1F570F3600985EBC /* Frameworks */ = {
			isa = PBXFrameworksBuildPhase;
			buildActionMask = 2147483647;
			files = (
				717F602D1F578F3D00985EBC /* libz.tbd in Frameworks */,
				717F602B1F578EAF00985EBC /* libsqlite3.tbd in Frameworks */,
				717F60241F5725BE00985EBC /* WebP.framework in Frameworks */,
			);
			runOnlyForDeploymentPostprocessing = 0;
		};
/* End PBXFrameworksBuildPhase section */

/* Begin PBXGroup section */
		717F5FB61F570F3600985EBC = {
			isa = PBXGroup;
			children = (
				717F5FC11F570F3600985EBC /* TableView_Optimize */,
				717F5FC01F570F3600985EBC /* Products */,
				717F60291F578EAE00985EBC /* Frameworks */,
			);
			sourceTree = "<group>";
		};
		717F5FC01F570F3600985EBC /* Products */ = {
			isa = PBXGroup;
			children = (
				717F5FBF1F570F3600985EBC /* TableView_Optimize.app */,
			);
			name = Products;
			sourceTree = "<group>";
		};
		717F5FC11F570F3600985EBC /* TableView_Optimize */ = {
			isa = PBXGroup;
			children = (
				717F5FC51F570F3600985EBC /* AppDelegate.h */,
				717F5FC61F570F3600985EBC /* AppDelegate.m */,
				717F5FC81F570F3600985EBC /* ViewController.h */,
				717F5FC91F570F3600985EBC /* ViewController.m */,
				717F5FE61F57209200985EBC /* ZYViewController.h */,
				717F5FE71F57209200985EBC /* ZYViewController.m */,
				717F5FD91F570F8900985EBC /* ZYTableView.h */,
				717F5FDA1F570F8A00985EBC /* ZYTableView.m */,
				717F5FDC1F57104200985EBC /* ZYTableViewCell.h */,
				717F5FDD1F57104200985EBC /* ZYTableViewCell.m */,
				717F5FDF1F57128E00985EBC /* ZYTool.h */,
				717F5FE01F57128E00985EBC /* ZYTool.m */,
				717F5FE91F5725BE00985EBC /* YYWebImage */,
				717F5FE21F5717F300985EBC /* imagee.png */,
				717F5FE31F5717F300985EBC /* imagee@3x.png */,
				717F5FCB1F570F3700985EBC /* Main.storyboard */,
				717F5FCE1F570F3700985EBC /* Assets.xcassets */,
				717F5FD01F570F3700985EBC /* LaunchScreen.storyboard */,
				717F5FD31F570F3700985EBC /* Info.plist */,
				717F5FC21F570F3600985EBC /* Supporting Files */,
			);
			path = TableView_Optimize;
			sourceTree = "<group>";
		};
		717F5FC21F570F3600985EBC /* Supporting Files */ = {
			isa = PBXGroup;
			children = (
				717F5FC31F570F3600985EBC /* main.m */,
			);
			name = "Supporting Files";
			sourceTree = "<group>";
		};
		717F5FE91F5725BE00985EBC /* YYWebImage */ = {
			isa = PBXGroup;
			children = (
				717F5FEA1F5725BE00985EBC /* Cache */,
				717F5FF31F5725BE00985EBC /* Categories */,
				717F60001F5725BE00985EBC /* Image */,
				717F600B1F5725BE00985EBC /* Vendor */,
				717F600E1F5725BE00985EBC /* YYImageCache.h */,
				717F600F1F5725BE00985EBC /* YYImageCache.m */,
				717F60101F5725BE00985EBC /* YYWebImage.h */,
				717F60111F5725BE00985EBC /* YYWebImageManager.h */,
				717F60121F5725BE00985EBC /* YYWebImageManager.m */,
				717F60131F5725BE00985EBC /* YYWebImageOperation.h */,
				717F60141F5725BE00985EBC /* YYWebImageOperation.m */,
			);
			path = YYWebImage;
			sourceTree = "<group>";
		};
		717F5FEA1F5725BE00985EBC /* Cache */ = {
			isa = PBXGroup;
			children = (
				717F5FEB1F5725BE00985EBC /* YYCache.h */,
				717F5FEC1F5725BE00985EBC /* YYCache.m */,
				717F5FED1F5725BE00985EBC /* YYDiskCache.h */,
				717F5FEE1F5725BE00985EBC /* YYDiskCache.m */,
				717F5FEF1F5725BE00985EBC /* YYKVStorage.h */,
				717F5FF01F5725BE00985EBC /* YYKVStorage.m */,
				717F5FF11F5725BE00985EBC /* YYMemoryCache.h */,
				717F5FF21F5725BE00985EBC /* YYMemoryCache.m */,
			);
			path = Cache;
			sourceTree = "<group>";
		};
		717F5FF31F5725BE00985EBC /* Categories */ = {
			isa = PBXGroup;
			children = (
				717F5FF41F5725BE00985EBC /* _YYWebImageSetter.h */,
				717F5FF51F5725BE00985EBC /* _YYWebImageSetter.m */,
				717F5FF61F5725BE00985EBC /* CALayer+YYWebImage.h */,
				717F5FF71F5725BE00985EBC /* CALayer+YYWebImage.m */,
				717F5FF81F5725BE00985EBC /* MKAnnotationView+YYWebImage.h */,
				717F5FF91F5725BE00985EBC /* MKAnnotationView+YYWebImage.m */,
				717F5FFA1F5725BE00985EBC /* UIButton+YYWebImage.h */,
				717F5FFB1F5725BE00985EBC /* UIButton+YYWebImage.m */,
				717F5FFC1F5725BE00985EBC /* UIImage+YYWebImage.h */,
				717F5FFD1F5725BE00985EBC /* UIImage+YYWebImage.m */,
				717F5FFE1F5725BE00985EBC /* UIImageView+YYWebImage.h */,
				717F5FFF1F5725BE00985EBC /* UIImageView+YYWebImage.m */,
			);
			path = Categories;
			sourceTree = "<group>";
		};
		717F60001F5725BE00985EBC /* Image */ = {
			isa = PBXGroup;
			children = (
				717F60011F5725BE00985EBC /* YYAnimatedImageView.h */,
				717F60021F5725BE00985EBC /* YYAnimatedImageView.m */,
				717F60031F5725BE00985EBC /* YYFrameImage.h */,
				717F60041F5725BE00985EBC /* YYFrameImage.m */,
				717F60051F5725BE00985EBC /* YYImage.h */,
				717F60061F5725BE00985EBC /* YYImage.m */,
				717F60071F5725BE00985EBC /* YYImageCoder.h */,
				717F60081F5725BE00985EBC /* YYImageCoder.m */,
				717F60091F5725BE00985EBC /* YYSpriteSheetImage.h */,
				717F600A1F5725BE00985EBC /* YYSpriteSheetImage.m */,
			);
			path = Image;
			sourceTree = "<group>";
		};
		717F600B1F5725BE00985EBC /* Vendor */ = {
			isa = PBXGroup;
			children = (
				717F600C1F5725BE00985EBC /* WebP.framework */,
				717F600D1F5725BE00985EBC /* WebP.sh */,
			);
			path = Vendor;
			sourceTree = "<group>";
		};
		717F60291F578EAE00985EBC /* Frameworks */ = {
			isa = PBXGroup;
			children = (
				717F602C1F578F3D00985EBC /* libz.tbd */,
				717F602A1F578EAF00985EBC /* libsqlite3.tbd */,
			);
			name = Frameworks;
			sourceTree = "<group>";
		};
/* End PBXGroup section */

/* Begin PBXNativeTarget section */
		717F5FBE1F570F3600985EBC /* TableView_Optimize */ = {
			isa = PBXNativeTarget;
			buildConfigurationList = 717F5FD61F570F3700985EBC /* Build configuration list for PBXNativeTarget "TableView_Optimize" */;
			buildPhases = (
				717F5FBB1F570F3600985EBC /* Sources */,
				717F5FBC1F570F3600985EBC /* Frameworks */,
				717F5FBD1F570F3600985EBC /* Resources */,
			);
			buildRules = (
			);
			dependencies = (
			);
			name = TableView_Optimize;
			productName = TableView_Optimize;
			productReference = 717F5FBF1F570F3600985EBC /* TableView_Optimize.app */;
			productType = "com.apple.product-type.application";
		};
/* End PBXNativeTarget section */

/* Begin PBXProject section */
		717F5FB71F570F3600985EBC /* Project object */ = {
			isa = PBXProject;
			attributes = {
				LastUpgradeCheck = 0830;
				ORGANIZATIONNAME = Yestin;
				TargetAttributes = {
					717F5FBE1F570F3600985EBC = {
						CreatedOnToolsVersion = 8.3.2;
						DevelopmentTeam = MHC3CFADPH;
						ProvisioningStyle = Automatic;
					};
				};
			};
			buildConfigurationList = 717F5FBA1F570F3600985EBC /* Build configuration list for PBXProject "TableView_Optimize" */;
			compatibilityVersion = "Xcode 3.2";
			developmentRegion = English;
			hasScannedForEncodings = 0;
			knownRegions = (
				en,
				Base,
			);
			mainGroup = 717F5FB61F570F3600985EBC;
			productRefGroup = 717F5FC01F570F3600985EBC /* Products */;
			projectDirPath = "";
			projectRoot = "";
			targets = (
				717F5FBE1F570F3600985EBC /* TableView_Optimize */,
			);
		};
/* End PBXProject section */

/* Begin PBXResourcesBuildPhase section */
		717F5FBD1F570F3600985EBC /* Resources */ = {
			isa = PBXResourcesBuildPhase;
			buildActionMask = 2147483647;
			files = (
				717F60251F5725BE00985EBC /* WebP.sh in Resources */,
				717F5FD21F570F3700985EBC /* LaunchScreen.storyboard in Resources */,
				717F5FE41F5717F300985EBC /* imagee.png in Resources */,
				717F5FE51F5717F300985EBC /* imagee@3x.png in Resources */,
				717F5FCF1F570F3700985EBC /* Assets.xcassets in Resources */,
				717F5FCD1F570F3700985EBC /* Main.storyboard in Resources */,
			);
			runOnlyForDeploymentPostprocessing = 0;
		};
/* End PBXResourcesBuildPhase section */

/* Begin PBXSourcesBuildPhase section */
		717F5FBB1F570F3600985EBC /* Sources */ = {
			isa = PBXSourcesBuildPhase;
			buildActionMask = 2147483647;
			files = (
				717F601B1F5725BE00985EBC /* MKAnnotationView+YYWebImage.m in Sources */,
				717F5FE81F57209200985EBC /* ZYViewController.m in Sources */,
				717F5FCA1F570F3600985EBC /* ViewController.m in Sources */,
				717F601F1F5725BE00985EBC /* YYAnimatedImageView.m in Sources */,
				717F60151F5725BE00985EBC /* YYCache.m in Sources */,
				717F601E1F5725BE00985EBC /* UIImageView+YYWebImage.m in Sources */,
				717F60191F5725BE00985EBC /* _YYWebImageSetter.m in Sources */,
				717F60161F5725BE00985EBC /* YYDiskCache.m in Sources */,
				717F60231F5725BE00985EBC /* YYSpriteSheetImage.m in Sources */,
				717F601A1F5725BE00985EBC /* CALayer+YYWebImage.m in Sources */,
				717F60261F5725BE00985EBC /* YYImageCache.m in Sources */,
				717F60211F5725BE00985EBC /* YYImage.m in Sources */,
				717F60271F5725BE00985EBC /* YYWebImageManager.m in Sources */,
				717F60281F5725BE00985EBC /* YYWebImageOperation.m in Sources */,
				717F60171F5725BE00985EBC /* YYKVStorage.m in Sources */,
				717F5FC71F570F3600985EBC /* AppDelegate.m in Sources */,
				717F60221F5725BE00985EBC /* YYImageCoder.m in Sources */,
				717F5FE11F57128E00985EBC /* ZYTool.m in Sources */,
				717F60181F5725BE00985EBC /* YYMemoryCache.m in Sources */,
				717F5FDB1F570F8A00985EBC /* ZYTableView.m in Sources */,
				717F60201F5725BE00985EBC /* YYFrameImage.m in Sources */,
				717F5FC41F570F3600985EBC /* main.m in Sources */,
				717F601C1F5725BE00985EBC /* UIButton+YYWebImage.m in Sources */,
				717F601D1F5725BE00985EBC /* UIImage+YYWebImage.m in Sources */,
				717F5FDE1F57104200985EBC /* ZYTableViewCell.m in Sources */,
			);
			runOnlyForDeploymentPostprocessing = 0;
		};
/* End PBXSourcesBuildPhase section */

/* Begin PBXVariantGroup section */
		717F5FCB1F570F3700985EBC /* Main.storyboard */ = {
			isa = PBXVariantGroup;
			children = (
				717F5FCC1F570F3700985EBC /* Base */,
			);
			name = Main.storyboard;
			sourceTree = "<group>";
		};
		717F5FD01F570F3700985EBC /* LaunchScreen.storyboard */ = {
			isa = PBXVariantGroup;
			children = (
				717F5FD11F570F3700985EBC /* Base */,
			);
			name = LaunchScreen.storyboard;
			sourceTree = "<group>";
		};
/* End PBXVariantGroup section */

/* Begin XCBuildConfiguration section */
		717F5FD41F570F3700985EBC /* Debug */ = {
			isa = XCBuildConfiguration;
			buildSettings = {
				ALWAYS_SEARCH_USER_PATHS = NO;
				CLANG_ANALYZER_NONNULL = YES;
				CLANG_ANALYZER_NUMBER_OBJECT_CONVERSION = YES_AGGRESSIVE;
				CLANG_CXX_LANGUAGE_STANDARD = "gnu++0x";
				CLANG_CXX_LIBRARY = "libc++";
				CLANG_ENABLE_MODULES = YES;
				CLANG_ENABLE_OBJC_ARC = YES;
				CLANG_WARN_BOOL_CONVERSION = YES;
				CLANG_WARN_CONSTANT_CONVERSION = YES;
				CLANG_WARN_DIRECT_OBJC_ISA_USAGE = YES_ERROR;
				CLANG_WARN_DOCUMENTATION_COMMENTS = YES;
				CLANG_WARN_EMPTY_BODY = YES;
				CLANG_WARN_ENUM_CONVERSION = YES;
				CLANG_WARN_INFINITE_RECURSION = YES;
				CLANG_WARN_INT_CONVERSION = YES;
				CLANG_WARN_OBJC_ROOT_CLASS = YES_ERROR;
				CLANG_WARN_SUSPICIOUS_MOVE = YES;
				CLANG_WARN_UNREACHABLE_CODE = YES;
				CLANG_WARN__DUPLICATE_METHOD_MATCH = YES;
				"CODE_SIGN_IDENTITY[sdk=iphoneos*]" = "iPhone Developer";
				COPY_PHASE_STRIP = NO;
				DEBUG_INFORMATION_FORMAT = dwarf;
				ENABLE_STRICT_OBJC_MSGSEND = YES;
				ENABLE_TESTABILITY = YES;
				GCC_C_LANGUAGE_STANDARD = gnu99;
				GCC_DYNAMIC_NO_PIC = NO;
				GCC_NO_COMMON_BLOCKS = YES;
				GCC_OPTIMIZATION_LEVEL = 0;
				GCC_PREPROCESSOR_DEFINITIONS = (
					"DEBUG=1",
					"$(inherited)",
				);
				GCC_WARN_64_TO_32_BIT_CONVERSION = YES;
				GCC_WARN_ABOUT_RETURN_TYPE = YES_ERROR;
				GCC_WARN_UNDECLARED_SELECTOR = YES;
				GCC_WARN_UNINITIALIZED_AUTOS = YES_AGGRESSIVE;
				GCC_WARN_UNUSED_FUNCTION = YES;
				GCC_WARN_UNUSED_VARIABLE = YES;
				IPHONEOS_DEPLOYMENT_TARGET = 10.3;
				MTL_ENABLE_DEBUG_INFO = YES;
				ONLY_ACTIVE_ARCH = YES;
				SDKROOT = iphoneos;
			};
			name = Debug;
		};
		717F5FD51F570F3700985EBC /* Release */ = {
			isa = XCBuildConfiguration;
			buildSettings = {
				ALWAYS_SEARCH_USER_PATHS = NO;
				CLANG_ANALYZER_NONNULL = YES;
				CLANG_ANALYZER_NUMBER_OBJECT_CONVERSION = YES_AGGRESSIVE;
				CLANG_CXX_LANGUAGE_STANDARD = "gnu++0x";
				CLANG_CXX_LIBRARY = "libc++";
				CLANG_ENABLE_MODULES = YES;
				CLANG_ENABLE_OBJC_ARC = YES;
				CLANG_WARN_BOOL_CONVERSION = YES;
				CLANG_WARN_CONSTANT_CONVERSION = YES;
				CLANG_WARN_DIRECT_OBJC_ISA_USAGE = YES_ERROR;
				CLANG_WARN_DOCUMENTATION_COMMENTS = YES;
				CLANG_WARN_EMPTY_BODY = YES;
				CLANG_WARN_ENUM_CONVERSION = YES;
				CLANG_WARN_INFINITE_RECURSION = YES;
				CLANG_WARN_INT_CONVERSION = YES;
				CLANG_WARN_OBJC_ROOT_CLASS = YES_ERROR;
				CLANG_WARN_SUSPICIOUS_MOVE = YES;
				CLANG_WARN_UNREACHABLE_CODE = YES;
				CLANG_WARN__DUPLICATE_METHOD_MATCH = YES;
				"CODE_SIGN_IDENTITY[sdk=iphoneos*]" = "iPhone Developer";
				COPY_PHASE_STRIP = NO;
				DEBUG_INFORMATION_FORMAT = "dwarf-with-dsym";
				ENABLE_NS_ASSERTIONS = NO;
				ENABLE_STRICT_OBJC_MSGSEND = YES;
				GCC_C_LANGUAGE_STANDARD = gnu99;
				GCC_NO_COMMON_BLOCKS = YES;
				GCC_WARN_64_TO_32_BIT_CONVERSION = YES;
				GCC_WARN_ABOUT_RETURN_TYPE = YES_ERROR;
				GCC_WARN_UNDECLARED_SELECTOR = YES;
				GCC_WARN_UNINITIALIZED_AUTOS = YES_AGGRESSIVE;
				GCC_WARN_UNUSED_FUNCTION = YES;
				GCC_WARN_UNUSED_VARIABLE = YES;
				IPHONEOS_DEPLOYMENT_TARGET = 10.3;
				MTL_ENABLE_DEBUG_INFO = NO;
				SDKROOT = iphoneos;
				VALIDATE_PRODUCT = YES;
			};
			name = Release;
		};
		717F5FD71F570F3700985EBC /* Debug */ = {
			isa = XCBuildConfiguration;
			buildSettings = {
				ASSETCATALOG_COMPILER_APPICON_NAME = AppIcon;
				DEVELOPMENT_TEAM = MHC3CFADPH;
				FRAMEWORK_SEARCH_PATHS = (
					"$(inherited)",
					"$(PROJECT_DIR)/TableView_Optimize/YYWebImage/Vendor",
				);
				INFOPLIST_FILE = TableView_Optimize/Info.plist;
				IPHONEOS_DEPLOYMENT_TARGET = 9.3;
				LD_RUNPATH_SEARCH_PATHS = "$(inherited) @executable_path/Frameworks";
				PRODUCT_BUNDLE_IDENTIFIER = "yestin.zhao.TableView-Optimize";
				PRODUCT_NAME = "$(TARGET_NAME)";
			};
			name = Debug;
		};
		717F5FD81F570F3700985EBC /* Release */ = {
			isa = XCBuildConfiguration;
			buildSettings = {
				ASSETCATALOG_COMPILER_APPICON_NAME = AppIcon;
				DEVELOPMENT_TEAM = MHC3CFADPH;
				FRAMEWORK_SEARCH_PATHS = (
					"$(inherited)",
					"$(PROJECT_DIR)/TableView_Optimize/YYWebImage/Vendor",
				);
				INFOPLIST_FILE = TableView_Optimize/Info.plist;
				IPHONEOS_DEPLOYMENT_TARGET = 9.3;
				LD_RUNPATH_SEARCH_PATHS = "$(inherited) @executable_path/Frameworks";
				PRODUCT_BUNDLE_IDENTIFIER = "yestin.zhao.TableView-Optimize";
				PRODUCT_NAME = "$(TARGET_NAME)";
			};
			name = Release;
		};
/* End XCBuildConfiguration section */

/* Begin XCConfigurationList section */
		717F5FBA1F570F3600985EBC /* Build configuration list for PBXProject "TableView_Optimize" */ = {
			isa = XCConfigurationList;
			buildConfigurations = (
				717F5FD41F570F3700985EBC /* Debug */,
				717F5FD51F570F3700985EBC /* Release */,
			);
			defaultConfigurationIsVisible = 0;
			defaultConfigurationName = Release;
		};
		717F5FD61F570F3700985EBC /* Build configuration list for PBXNativeTarget "TableView_Optimize" */ = {
			isa = XCConfigurationList;
			buildConfigurations = (
				717F5FD71F570F3700985EBC /* Debug */,
				717F5FD81F570F3700985EBC /* Release */,
			);
			defaultConfigurationIsVisible = 0;
		};
/* End XCConfigurationList section */
	};
	rootObject = 717F5FB71F570F3600985EBC /* Project object */;
}
